
Microsoft Visual Studio Solution File, Format Version 12.00
# Visual Studio Version 17
VisualStudioVersion = 17.11.35303.130
MinimumVisualStudioVersion = 10.0.40219.1
Project("{FAE04EC0-301F-11D3-BF4B-00C04F79EFBC}") = "ElementalWords", "ElementalWords\ElementalWords.csproj", "{1616ED5E-2731-4955-8138-39EAEED83DC8}"
EndProject
Global
	GlobalSection(SolutionConfigurationPlatforms) = preSolution
		Debug|Any CPU = Debug|Any CPU
		Release|Any CPU = Release|Any CPU
	EndGlobalSection
	GlobalSection(ProjectConfigurationPlatforms) = postSolution
		{1616ED5E-2731-4955-8138-39EAEED83DC8}.Debug|Any CPU.ActiveCfg = Debug|Any CPU
		{1616ED5E-2731-4955-8138-39EAEED83DC8}.Debug|Any CPU.Build.0 = Debug|Any CPU
		{1616ED5E-2731-4955-8138-39EAEED83DC8}.Release|Any CPU.ActiveCfg = Release|Any CPU
		{1616ED5E-2731-4955-8138-39EAEED83DC8}.Release|Any CPU.Build.0 = Release|Any CPU
	EndGlobalSection
	GlobalSection(SolutionProperties) = preSolution
		HideSolutionNode = FALSE
	EndGlobalSection
	GlobalSection(ExtensibilityGlobals) = postSolution
		SolutionGuid = {89A40C03-1A57-4B82-8023-E2BE89D754C0}
	EndGlobalSection
EndGlobal
